// !$*UTF8*$!
{
	archiveVersion = 1;
	classes = {
	};
	objectVersion = 46;
	objects = {

/* Begin PBXBuildFile section */
		2B7DE9DE1D3FA85E00E4F84B /* AppDelegate.swift in Sources */ = {isa = PBXBuildFile; fileRef = 2B7DE9DD1D3FA85E00E4F84B /* AppDelegate.swift */; };
		2B7DE9E01D3FA85E00E4F84B /* ViewController.swift in Sources */ = {isa = PBXBuildFile; fileRef = 2B7DE9DF1D3FA85E00E4F84B /* ViewController.swift */; };
		2B7DE9E31D3FA85E00E4F84B /* Main.storyboard in Resources */ = {isa = PBXBuildFile; fileRef = 2B7DE9E11D3FA85E00E4F84B /* Main.storyboard */; };
		2B7DE9E51D3FA85E00E4F84B /* Assets.xcassets in Resources */ = {isa = PBXBuildFile; fileRef = 2B7DE9E41D3FA85E00E4F84B /* Assets.xcassets */; };
		2B7DE9E81D3FA85E00E4F84B /* LaunchScreen.storyboard in Resources */ = {isa = PBXBuildFile; fileRef = 2B7DE9E61D3FA85E00E4F84B /* LaunchScreen.storyboard */; };
/* End PBXBuildFile section */

/* Begin PBXFileReference section */
		2B7DE9DA1D3FA85E00E4F84B /* learningTableView.app */ = {isa = PBXFileReference; explicitFileType = wrapper.application; includeInIndex = 0; path = learningTableView.app; sourceTree = BUILT_PRODUCTS_DIR; };
		2B7DE9DD1D3FA85E00E4F84B /* AppDelegate.swift */ = {isa = PBXFileReference; lastKnownFileType = sourcecode.swift; path = AppDelegate.swift; sourceTree = "<group>"; };
		2B7DE9DF1D3FA85E00E4F84B /* ViewController.swift */ = {isa = PBXFileReference; lastKnownFileType = sourcecode.swift; path = ViewController.swift; sourceTree = "<group>"; };
		2B7DE9E21D3FA85E00E4F84B /* Base */ = {isa = PBXFileReference; lastKnownFileType = file.storyboard; name = Base; path = Base.lproj/Main.storyboard; sourceTree = "<group>"; };
		2B7DE9E41D3FA85E00E4F84B /* Assets.xcassets */ = {isa = PBXFileReference; lastKnownFileType = folder.assetcatalog; path = Assets.xcassets; sourceTree = "<group>"; };
		2B7DE9E71D3FA85E00E4F84B /* Base */ = {isa = PBXFileReference; lastKnownFileType = file.storyboard; name = Base; path = Base.lproj/LaunchScreen.storyboard; sourceTree = "<group>"; };
		2B7DE9E91D3FA85E00E4F84B /* Info.plist */ = {isa = PBXFileReference; lastKnownFileType = text.plist.xml; path = Info.plist; sourceTree = "<group>"; };
/* End PBXFileReference section */

/* Begin PBXFrameworksBuildPhase section */
		2B7DE9D71D3FA85E00E4F84B /* Frameworks */ = {
			isa = PBXFrameworksBuildPhase;
			buildActionMask = 2147483647;
			files = (
			);
			runOnlyForDeploymentPostprocessing = 0;
		};
/* End PBXFrameworksBuildPhase section */

/* Begin PBXGroup section */
		2B7DE9D11D3FA85E00E4F84B = {
			isa = PBXGroup;
			children = (
				2B7DE9DC1D3FA85E00E4F84B /* learningTableView */,
				2B7DE9DB1D3FA85E00E4F84B /* Products */,
			);
			sourceTree = "<group>";
		};
		2B7DE9DB1D3FA85E00E4F84B /* Products */ = {
			isa = PBXGroup;
			children = (
				2B7DE9DA1D3FA85E00E4F84B /* learningTableView.app */,
			);
			name = Products;
			sourceTree = "<group>";
		};
		2B7DE9DC1D3FA85E00E4F84B /* learningTableView */ = {
			isa = PBXGroup;
			children = (
				2B7DE9DD1D3FA85E00E4F84B /* AppDelegate.swift */,
				2B7DE9DF1D3FA85E00E4F84B /* ViewController.swift */,
				2B7DE9E11D3FA85E00E4F84B /* Main.storyboard */,
				2B7DE9E41D3FA85E00E4F84B /* Assets.xcassets */,
				2B7DE9E61D3FA85E00E4F84B /* LaunchScreen.storyboard */,
				2B7DE9E91D3FA85E00E4F84B /* Info.plist */,
			);
			path = learningTableView;
			sourceTree = "<group>";
		};
/* End PBXGroup section */

/* Begin PBXNativeTarget section */
		2B7DE9D91D3FA85E00E4F84B /* learningTableView */ = {
			isa = PBXNativeTarget;
			buildConfigurationList = 2B7DE9EC1D3FA85E00E4F84B /* Build configuration list for PBXNativeTarget "learningTableView" */;
			buildPhases = (
				2B7DE9D61D3FA85E00E4F84B /* Sources */,
				2B7DE9D71D3FA85E00E4F84B /* Frameworks */,
				2B7DE9D81D3FA85E00E4F84B /* Resources */,
			);
			buildRules = (
			);
			dependencies = (
			);
			name = learningTableView;
			productName = learningTableView;
			productReference = 2B7DE9DA1D3FA85E00E4F84B /* learningTableView.app */;
			productType = "com.apple.product-type.application";
		};
/* End PBXNativeTarget section */

/* Begin PBXProject section */
		2B7DE9D21D3FA85E00E4F84B /* Project object */ = {
			isa = PBXProject;
			attributes = {
				LastSwiftUpdateCheck = 0730;
				LastUpgradeCheck = 0730;
				ORGANIZATIONNAME = "Arpita Bhatia";
				TargetAttributes = {
					2B7DE9D91D3FA85E00E4F84B = {
						CreatedOnToolsVersion = 7.3.1;
					};
				};
			};
			buildConfigurationList = 2B7DE9D51D3FA85E00E4F84B /* Build configuration list for PBXProject "learningTableView" */;
			compatibilityVersion = "Xcode 3.2";
			developmentRegion = English;
			hasScannedForEncodings = 0;
			knownRegions = (
				en,
				Base,
			);
			mainGroup = 2B7DE9D11D3FA85E00E4F84B;
			productRefGroup = 2B7DE9DB1D3FA85E00E4F84B /* Products */;
			projectDirPath = "";
			projectRoot = "";
			targets = (
				2B7DE9D91D3FA85E00E4F84B /* learningTableView */,
			);
		};
/* End PBXProject section */

/* Begin PBXResourcesBuildPhase section */
		2B7DE9D81D3FA85E00E4F84B /* Resources */ = {
			isa = PBXResourcesBuildPhase;
			buildActionMask = 2147483647;
			files = (
				2B7DE9E81D3FA85E00E4F84B /* LaunchScreen.storyboard in Resources */,
				2B7DE9E51D3FA85E00E4F84B /* Assets.xcassets in Resources */,
				2B7DE9E31D3FA85E00E4F84B /* Main.storyboard in Resources */,
			);
			runOnlyForDeploymentPostprocessing = 0;
		};
/* End PBXResourcesBuildPhase section */

/* Begin PBXSourcesBuildPhase section */
		2B7DE9D61D3FA85E00E4F84B /* Sources */ = {
			isa = PBXSourcesBuildPhase;
			buildActionMask = 2147483647;
			files = (
				2B7DE9E01D3FA85E00E4F84B /* ViewController.swift in Sources */,
				2B7DE9DE1D3FA85E00E4F84B /* AppDelegate.swift in Sources */,
			);
			runOnlyForDeploymentPostprocessing = 0;
		};
/* End PBXSourcesBuildPhase section */

/* Begin PBXVariantGroup section */
		2B7DE9E11D3FA85E00E4F84B /* Main.storyboard */ = {
			isa = PBXVariantGroup;
			children = (
				2B7DE9E21D3FA85E00E4F84B /* Base */,
			);
			name = Main.storyboard;
			sourceTree = "<group>";
		};
		2B7DE9E61D3FA85E00E4F84B /* LaunchScreen.storyboard */ = {
			isa = PBXVariantGroup;
			children = (
				2B7DE9E71D3FA85E00E4F84B /* Base */,
			);
			name = LaunchScreen.storyboard;
			sourceTree = "<group>";
		};
/* End PBXVariantGroup section */

/* Begin XCBuildConfiguration section */
		2B7DE9EA1D3FA85E00E4F84B /* Debug */ = {
			isa = XCBuildConfiguration;
			buildSettings = {
				ALWAYS_SEARCH_USER_PATHS = NO;
				CLANG_ANALYZER_NONNULL = YES;
				CLANG_CXX_LANGUAGE_STANDARD = "gnu++0x";
				CLANG_CXX_LIBRARY = "libc++";
				CLANG_ENABLE_MODULES = YES;
				CLANG_ENABLE_OBJC_ARC = YES;
				CLANG_WARN_BOOL_CONVERSION = YES;
				CLANG_WARN_CONSTANT_CONVERSION = YES;
				CLANG_WARN_DIRECT_OBJC_ISA_USAGE = YES_ERROR;
				CLANG_WARN_EMPTY_BODY = YES;
				CLANG_WARN_ENUM_CONVERSION = YES;
				CLANG_WARN_INT_CONVERSION = YES;
				CLANG_WARN_OBJC_ROOT_CLASS = YES_ERROR;
				CLANG_WARN_UNREACHABLE_CODE = YES;
				CLANG_WARN__DUPLICATE_METHOD_MATCH = YES;
				"CODE_SIGN_IDENTITY[sdk=iphoneos*]" = "iPhone Developer";
				COPY_PHASE_STRIP = NO;
				DEBUG_INFORMATION_FORMAT = dwarf;
				ENABLE_STRICT_OBJC_MSGSEND = YES;
				ENABLE_TESTABILITY = YES;
				GCC_C_LANGUAGE_STANDARD = gnu99;
				GCC_DYNAMIC_NO_PIC = NO;
				GCC_NO_COMMON_BLOCKS = YES;
				GCC_OPTIMIZATION_LEVEL = 0;
				GCC_PREPROCESSOR_DEFINITIONS = (
					"DEBUG=1",
					"$(inherited)",
				);
				GCC_WARN_64_TO_32_BIT_CONVERSION = YES;
				GCC_WARN_ABOUT_RETURN_TYPE = YES_ERROR;
				GCC_WARN_UNDECLARED_SELECTOR = YES;
				GCC_WARN_UNINITIALIZED_AUTOS = YES_AGGRESSIVE;
				GCC_WARN_UNUSED_FUNCTION = YES;
				GCC_WARN_UNUSED_VARIABLE = YES;
				IPHONEOS_DEPLOYMENT_TARGET = 9.3;
				MTL_ENABLE_DEBUG_INFO = YES;
				ONLY_ACTIVE_ARCH = YES;
				SDKROOT = iphoneos;
				SWIFT_OPTIMIZATION_LEVEL = "-Onone";
			};
			name = Debug;
		};
		2B7DE9EB1D3FA85E00E4F84B /* Release */ = {
			isa = XCBuildConfiguration;
			buildSettings = {
				ALWAYS_SEARCH_USER_PATHS = NO;
				CLANG_ANALYZER_NONNULL = YES;
				CLANG_CXX_LANGUAGE_STANDARD = "gnu++0x";
				CLANG_CXX_LIBRARY = "libc++";
				CLANG_ENABLE_MODULES = YES;
				CLANG_ENABLE_OBJC_ARC = YES;
				CLANG_WARN_BOOL_CONVERSION = YES;
				CLANG_WARN_CONSTANT_CONVERSION = YES;
				CLANG_WARN_DIRECT_OBJC_ISA_USAGE = YES_ERROR;
				CLANG_WARN_EMPTY_BODY = YES;
				CLANG_WARN_ENUM_CONVERSION = YES;
				CLANG_WARN_INT_CONVERSION = YES;
				CLANG_WARN_OBJC_ROOT_CLASS = YES_ERROR;
				CLANG_WARN_UNREACHABLE_CODE = YES;
				CLANG_WARN__DUPLICATE_METHOD_MATCH = YES;
				"CODE_SIGN_IDENTITY[sdk=iphoneos*]" = "iPhone Developer";
				COPY_PHASE_STRIP = NO;
				DEBUG_INFORMATION_FORMAT = "dwarf-with-dsym";
				ENABLE_NS_ASSERTIONS = NO;
				ENABLE_STRICT_OBJC_MSGSEND = YES;
				GCC_C_LANGUAGE_STANDARD = gnu99;
				GCC_NO_COMMON_BLOCKS = YES;
				GCC_WARN_64_TO_32_BIT_CONVERSION = YES;
				GCC_WARN_ABOUT_RETURN_TYPE = YES_ERROR;
				GCC_WARN_UNDECLARED_SELECTOR = YES;
				GCC_WARN_UNINITIALIZED_AUTOS = YES_AGGRESSIVE;
				GCC_WARN_UNUSED_FUNCTION = YES;
				GCC_WARN_UNUSED_VARIABLE = YES;
				IPHONEOS_DEPLOYMENT_TARGET = 9.3;
				MTL_ENABLE_DEBUG_INFO = NO;
				SDKROOT = iphoneos;
				VALIDATE_PRODUCT = YES;
			};
			name = Release;
		};
		2B7DE9ED1D3FA85E00E4F84B /* Debug */ = {
			isa = XCBuildConfiguration;
			buildSettings = {
				ASSETCATALOG_COMPILER_APPICON_NAME = AppIcon;
				INFOPLIST_FILE = learningTableView/Info.plist;
				LD_RUNPATH_SEARCH_PATHS = "$(inherited) @executable_path/Frameworks";
				PRODUCT_BUNDLE_IDENTIFIER = com.ab.learningTableView;
				PRODUCT_NAME = "$(TARGET_NAME)";
			};
			name = Debug;
		};
		2B7DE9EE1D3FA85E00E4F84B /* Release */ = {
			isa = XCBuildConfiguration;
			buildSettings = {
				ASSETCATALOG_COMPILER_APPICON_NAME = AppIcon;
				INFOPLIST_FILE = learningTableView/Info.plist;
				LD_RUNPATH_SEARCH_PATHS = "$(inherited) @executable_path/Frameworks";
				PRODUCT_BUNDLE_IDENTIFIER = com.ab.learningTableView;
				PRODUCT_NAME = "$(TARGET_NAME)";
			};
			name = Release;
		};
/* End XCBuildConfiguration section */

/* Begin XCConfigurationList section */
		2B7DE9D51D3FA85E00E4F84B /* Build configuration list for PBXProject "learningTableView" */ = {
			isa = XCConfigurationList;
			buildConfigurations = (
				2B7DE9EA1D3FA85E00E4F84B /* Debug */,
				2B7DE9EB1D3FA85E00E4F84B /* Release */,
			);
			defaultConfigurationIsVisible = 0;
			defaultConfigurationName = Release;
		};
		2B7DE9EC1D3FA85E00E4F84B /* Build configuration list for PBXNativeTarget "learningTableView" */ = {
			isa = XCConfigurationList;
			buildConfigurations = (
				2B7DE9ED1D3FA85E00E4F84B /* Debug */,
				2B7DE9EE1D3FA85E00E4F84B /* Release */,
			);
			defaultConfigurationIsVisible = 0;
		};
/* End XCConfigurationList section */
	};
	rootObject = 2B7DE9D21D3FA85E00E4F84B /* Project object */;
}
